# THIS IS AN AUTOGENERATED FILE. DO NOT EDIT THIS FILE DIRECTLY.
# yarn lockfile v1


"@vant/weapp@^1.4.0":
  version "1.4.0"
  resolved "https://registry.npm.taobao.org/@vant/weapp/download/@vant/weapp-1.4.0.tgz#b8e5db9daa451a68519096ce70a8886b99313bf6"
  integrity sha1-uOXbnapFGmhRkJbOcKiIa5kxO/Y=
